{
  "requires": true,
  "lockfileVersion": 1,
  "dependencies": {
    "@react-navigation/core": {
      "version": "3.4.2",
      "resolved": "https://registry.npmjs.org/@react-navigation/core/-/core-3.4.2.tgz",
      "integrity": "sha512-7G+iDzLSTeOUU4vVZeRZKJ+Bd7ds7ZxYNqZcB8i0KlBeQEQfR74Ounfu/p0KIEq2RiNnaE3QT7WVP3C87sebzw==",
      "requires": {
        "hoist-non-react-statics": "^3.3.0",
        "path-to-regexp": "^1.7.0",
        "query-string": "^6.4.2",
        "react-is": "^16.8.6"
      }
    },
    "@react-navigation/native": {
      "version": "3.5.0",
      "resolved": "https://registry.npmjs.org/@react-navigation/native/-/native-3.5.0.tgz",
      "integrity": "sha512-TmGOis++ejEXG3sqNJhCSKqB0/qLu3FQgDtO959qpqif36R/diR8SQwJqeSdofoEiK3CepdhFlTCeHdS1/+MsQ==",
      "requires": {
        "hoist-non-react-statics": "^3.0.1",
        "react-native-safe-area-view": "^0.14.1",
        "react-native-screens": "^1.0.0 || ^1.0.0-alpha"
      }
    },
    "debounce": {
      "version": "1.2.0",
      "resolved": "https://registry.npmjs.org/debounce/-/debounce-1.2.0.tgz",
      "integrity": "sha512-mYtLl1xfZLi1m4RtQYlZgJUNQjl4ZxVnHzIR8nLLgi4q1YT8o/WM+MK/f8yfcc9s5Ir5zRaPZyZU6xs1Syoocg=="
    },
    "decode-uri-component": {
      "version": "0.2.0",
      "resolved": "https://registry.npmjs.org/decode-uri-component/-/decode-uri-component-0.2.0.tgz",
      "integrity": "sha1-6zkTMzRYd1y4TNGh+uBiEGu4dUU="
    },
    "hoist-non-react-statics": {
      "version": "3.3.0",
      "resolved": "https://registry.npmjs.org/hoist-non-react-statics/-/hoist-non-react-statics-3.3.0.tgz",
      "integrity": "sha512-0XsbTXxgiaCDYDIWFcwkmerZPSwywfUqYmwT4jzewKTQSWoE6FCMoUVOeBJWK3E/CrWbxRG3m5GzY4lnIwGRBA==",
      "requires": {
        "react-is": "^16.7.0"
      }
    },
    "isarray": {
      "version": "0.0.1",
      "resolved": "https://registry.npmjs.org/isarray/-/isarray-0.0.1.tgz",
      "integrity": "sha1-ihis/Kmo9Bd+Cav8YDiTmwXR7t8="
    },
    "js-tokens": {
      "version": "4.0.0",
      "resolved": "https://registry.npmjs.org/js-tokens/-/js-tokens-4.0.0.tgz",
      "integrity": "sha512-RdJUflcE3cUzKiMqQgsCu06FPu9UdIJO0beYbPhHN4k6apgJtifcoCtT9bcxOpYBtpD2kCM6Sbzg4CausW/PKQ=="
    },
    "loose-envify": {
      "version": "1.4.0",
      "resolved": "https://registry.npmjs.org/loose-envify/-/loose-envify-1.4.0.tgz",
      "integrity": "sha512-lyuxPGr/Wfhrlem2CL/UcnUc1zcqKAImBDzukY7Y5F/yQiNdko6+fRLevlw1HgMySw7f611UIY408EtxRSoK3Q==",
      "requires": {
        "js-tokens": "^3.0.0 || ^4.0.0"
      }
    },
    "object-assign": {
      "version": "4.1.1",
      "resolved": "https://registry.npmjs.org/object-assign/-/object-assign-4.1.1.tgz",
      "integrity": "sha1-IQmtx5ZYh8/AXLvUQsrIv7s2CGM="
    },
    "path-to-regexp": {
      "version": "1.7.0",
      "resolved": "https://registry.npmjs.org/path-to-regexp/-/path-to-regexp-1.7.0.tgz",
      "integrity": "sha1-Wf3g9DW62suhA6hOnTvGTpa5k30=",
      "requires": {
        "isarray": "0.0.1"
      }
    },
    "prop-types": {
      "version": "15.7.2",
      "resolved": "https://registry.npmjs.org/prop-types/-/prop-types-15.7.2.tgz",
      "integrity": "sha512-8QQikdH7//R2vurIJSutZ1smHYTcLpRWEOlHnzcWHmBYrOGUysKwSsrC89BCiFj3CbrfJ/nXFdJepOVrY1GCHQ==",
      "requires": {
        "loose-envify": "^1.4.0",
        "object-assign": "^4.1.1",
        "react-is": "^16.8.1"
      }
    },
    "query-string": {
      "version": "6.8.1",
      "resolved": "https://registry.npmjs.org/query-string/-/query-string-6.8.1.tgz",
      "integrity": "sha512-g6y0Lbq10a5pPQpjlFuojfMfV1Pd2Jw9h75ypiYPPia3Gcq2rgkKiIwbkS6JxH7c5f5u/B/sB+d13PU+g1eu4Q==",
      "requires": {
        "decode-uri-component": "^0.2.0",
        "split-on-first": "^1.0.0",
        "strict-uri-encode": "^2.0.0"
      }
    },
    "react-is": {
      "version": "16.8.6",
      "resolved": "https://registry.npmjs.org/react-is/-/react-is-16.8.6.tgz",
      "integrity": "sha512-aUk3bHfZ2bRSVFFbbeVS4i+lNPZr3/WM5jT2J5omUVV1zzcs1nAaf3l51ctA5FFvCRbhrH0bdAsRRQddFJZPtA=="
    },
    "react-lifecycles-compat": {
      "version": "3.0.4",
      "resolved": "https://registry.npmjs.org/react-lifecycles-compat/-/react-lifecycles-compat-3.0.4.tgz",
      "integrity": "sha512-fBASbA6LnOU9dOU2eW7aQ8xmYBSXUIWr+UmF9b1efZBazGNO+rcXT/icdKnYm2pTwcRylVUYwW7H1PHfLekVzA=="
    },
    "react-native-safe-area-view": {
      "version": "0.14.6",
      "resolved": "https://registry.npmjs.org/react-native-safe-area-view/-/react-native-safe-area-view-0.14.6.tgz",
      "integrity": "sha512-dbzuvaeHFV1VBpyMaC0gtJ2BqFt6ls/405A0t78YN1sXiTrVr3ki86Ysct8mzifWqLdvWzcWagE5wfMtdxnqoA==",
      "requires": {
        "hoist-non-react-statics": "^2.3.1"
      },
      "dependencies": {
        "hoist-non-react-statics": {
          "version": "2.5.5",
          "resolved": "https://registry.npmjs.org/hoist-non-react-statics/-/hoist-non-react-statics-2.5.5.tgz",
          "integrity": "sha512-rqcy4pJo55FTTLWt+bU8ukscqHeE/e9KWvsOW2b/a3afxQZhwkQdT1rPPCJ0rYXdj4vNcasY8zHTH+jF/qStxw=="
        }
      }
    },
    "react-native-screens": {
      "version": "1.0.0-alpha.23",
      "resolved": "https://registry.npmjs.org/react-native-screens/-/react-native-screens-1.0.0-alpha.23.tgz",
      "integrity": "sha512-tOxHGQUN83MTmQB4ghoQkibqOdGiX4JQEmeyEv96MKWO/x8T2PJv84ECUos9hD3blPRQwVwSpAid1PPPhrVEaw==",
      "requires": {
        "debounce": "^1.2.0"
      }
    },
    "react-native-tab-view": {
      "version": "1.4.1",
      "resolved": "https://registry.npmjs.org/react-native-tab-view/-/react-native-tab-view-1.4.1.tgz",
      "integrity": "sha512-Bke8KkDcDhvB/z0AS7MnQKMD2p6Kwfc1rSKlMOvg9CC5CnClQ2QEnhPSbwegKDYhUkBI92iH/BYy7hNSm5kbUQ==",
      "requires": {
        "prop-types": "^15.6.1"
      }
    },
    "react-navigation": {
      "version": "3.11.1",
      "resolved": "https://registry.npmjs.org/react-navigation/-/react-navigation-3.11.1.tgz",
      "integrity": "sha512-n64HxLG5s5ucVFo1Gs+D9ujChhHDd98lpQ1p27wL7gq8V1PaRJMvsBEIsguhtc2rTIL/TWDynOesXQDG+Eg6FQ==",
      "requires": {
        "@react-navigation/core": "~3.4.1",
        "@react-navigation/native": "~3.5.0",
        "react-navigation-drawer": "~1.2.1",
        "react-navigation-stack": "~1.4.0",
        "react-navigation-tabs": "~1.1.4"
      }
    },
    "react-navigation-drawer": {
      "version": "1.2.1",
      "resolved": "https://registry.npmjs.org/react-navigation-drawer/-/react-navigation-drawer-1.2.1.tgz",
      "integrity": "sha512-T2kaBjY2c4/3I6noWFnaf/c18ntNH5DsST38i+pdc2NPxn5Yi5lkK+ZZTeKuHSFD4a7G0jWY9OGf1iRkHWLMAQ==",
      "requires": {
        "react-native-tab-view": "^1.2.0"
      }
    },
    "react-navigation-stack": {
      "version": "1.4.0",
      "resolved": "https://registry.npmjs.org/react-navigation-stack/-/react-navigation-stack-1.4.0.tgz",
      "integrity": "sha512-zEe9wCA0Ot8agarYb//0nSWYW1GM+1R0tY/nydUV0EizeJ27At0EklYVWvYEuYU6C48va6cu8OPL7QD/CcJACw=="
    },
    "react-navigation-tabs": {
      "version": "1.1.4",
      "resolved": "https://registry.npmjs.org/react-navigation-tabs/-/react-navigation-tabs-1.1.4.tgz",
      "integrity": "sha512-py2hLCRxPwXOzmY1W9XcY1rWXxdK6RGW/aXh56G9gIf8cpHNDhy/bJV4e46/JrVcse3ybFaN0liT09/DM/NdwQ==",
      "requires": {
        "hoist-non-react-statics": "^2.5.0",
        "prop-types": "^15.6.1",
        "react-lifecycles-compat": "^3.0.4",
        "react-native-tab-view": "^1.4.1"
      },
      "dependencies": {
        "hoist-non-react-statics": {
          "version": "2.5.5",
          "resolved": "https://registry.npmjs.org/hoist-non-react-statics/-/hoist-non-react-statics-2.5.5.tgz",
          "integrity": "sha512-rqcy4pJo55FTTLWt+bU8ukscqHeE/e9KWvsOW2b/a3afxQZhwkQdT1rPPCJ0rYXdj4vNcasY8zHTH+jF/qStxw=="
        }
      }
    },
    "split-on-first": {
      "version": "1.1.0",
      "resolved": "https://registry.npmjs.org/split-on-first/-/split-on-first-1.1.0.tgz",
      "integrity": "sha512-43ZssAJaMusuKWL8sKUBQXHWOpq8d6CfN/u1p4gUzfJkM05C8rxTmYrkIPTXapZpORA6LkkzcUulJ8FqA7Uudw=="
    },
    "strict-uri-encode": {
      "version": "2.0.0",
      "resolved": "https://registry.npmjs.org/strict-uri-encode/-/strict-uri-encode-2.0.0.tgz",
      "integrity": "sha1-ucczDHBChi9rFC3CdLvMWGbONUY="
    },
    "xmldom": {
      "version": "0.1.27",
      "resolved": "https://registry.npmjs.org/xmldom/-/xmldom-0.1.27.tgz",
      "integrity": "sha1-1QH5ezvbQDr4757MIFcxh6rawOk="
    }
  }
}
